// !$*UTF8*$!
{
	archiveVersion = 1;
	classes = {
	};
	objectVersion = 46;
	objects = {

/* Begin PBXBuildFile section */
		4CEABA8B1F250B3E00B5E8C9 /* AppDelegate.swift in Sources */ = {isa = PBXBuildFile; fileRef = 4CEABA8A1F250B3E00B5E8C9 /* AppDelegate.swift */; };
		4CEABA8D1F250B3E00B5E8C9 /* ViewController.swift in Sources */ = {isa = PBXBuildFile; fileRef = 4CEABA8C1F250B3E00B5E8C9 /* ViewController.swift */; };
		4CEABA901F250B3E00B5E8C9 /* Main.storyboard in Resources */ = {isa = PBXBuildFile; fileRef = 4CEABA8E1F250B3E00B5E8C9 /* Main.storyboard */; };
		4CEABA931F250B3E00B5E8C9 /* New_Building.xcdatamodeld in Sources */ = {isa = PBXBuildFile; fileRef = 4CEABA911F250B3E00B5E8C9 /* New_Building.xcdatamodeld */; };
		4CEABA951F250B3E00B5E8C9 /* Assets.xcassets in Resources */ = {isa = PBXBuildFile; fileRef = 4CEABA941F250B3E00B5E8C9 /* Assets.xcassets */; };
		4CEABA981F250B3E00B5E8C9 /* LaunchScreen.storyboard in Resources */ = {isa = PBXBuildFile; fileRef = 4CEABA961F250B3E00B5E8C9 /* LaunchScreen.storyboard */; };
/* End PBXBuildFile section */

/* Begin PBXFileReference section */
		4CEABA871F250B3E00B5E8C9 /* New-Building.app */ = {isa = PBXFileReference; explicitFileType = wrapper.application; includeInIndex = 0; path = "New-Building.app"; sourceTree = BUILT_PRODUCTS_DIR; };
		4CEABA8A1F250B3E00B5E8C9 /* AppDelegate.swift */ = {isa = PBXFileReference; lastKnownFileType = sourcecode.swift; path = AppDelegate.swift; sourceTree = "<group>"; };
		4CEABA8C1F250B3E00B5E8C9 /* ViewController.swift */ = {isa = PBXFileReference; lastKnownFileType = sourcecode.swift; path = ViewController.swift; sourceTree = "<group>"; };
		4CEABA8F1F250B3E00B5E8C9 /* Base */ = {isa = PBXFileReference; lastKnownFileType = file.storyboard; name = Base; path = Base.lproj/Main.storyboard; sourceTree = "<group>"; };
		4CEABA921F250B3E00B5E8C9 /* New_Building.xcdatamodel */ = {isa = PBXFileReference; lastKnownFileType = wrapper.xcdatamodel; path = New_Building.xcdatamodel; sourceTree = "<group>"; };
		4CEABA941F250B3E00B5E8C9 /* Assets.xcassets */ = {isa = PBXFileReference; lastKnownFileType = folder.assetcatalog; path = Assets.xcassets; sourceTree = "<group>"; };
		4CEABA971F250B3E00B5E8C9 /* Base */ = {isa = PBXFileReference; lastKnownFileType = file.storyboard; name = Base; path = Base.lproj/LaunchScreen.storyboard; sourceTree = "<group>"; };
		4CEABA991F250B3E00B5E8C9 /* Info.plist */ = {isa = PBXFileReference; lastKnownFileType = text.plist.xml; path = Info.plist; sourceTree = "<group>"; };
/* End PBXFileReference section */

/* Begin PBXFrameworksBuildPhase section */
		4CEABA841F250B3E00B5E8C9 /* Frameworks */ = {
			isa = PBXFrameworksBuildPhase;
			buildActionMask = 2147483647;
			files = (
			);
			runOnlyForDeploymentPostprocessing = 0;
		};
/* End PBXFrameworksBuildPhase section */

/* Begin PBXGroup section */
		4CEABA7E1F250B3E00B5E8C9 = {
			isa = PBXGroup;
			children = (
				4CEABA891F250B3E00B5E8C9 /* New-Building */,
				4CEABA881F250B3E00B5E8C9 /* Products */,
			);
			sourceTree = "<group>";
		};
		4CEABA881F250B3E00B5E8C9 /* Products */ = {
			isa = PBXGroup;
			children = (
				4CEABA871F250B3E00B5E8C9 /* New-Building.app */,
			);
			name = Products;
			sourceTree = "<group>";
		};
		4CEABA891F250B3E00B5E8C9 /* New-Building */ = {
			isa = PBXGroup;
			children = (
				4CEABA8A1F250B3E00B5E8C9 /* AppDelegate.swift */,
				4CEABA8C1F250B3E00B5E8C9 /* ViewController.swift */,
				4CEABA8E1F250B3E00B5E8C9 /* Main.storyboard */,
				4CEABA941F250B3E00B5E8C9 /* Assets.xcassets */,
				4CEABA961F250B3E00B5E8C9 /* LaunchScreen.storyboard */,
				4CEABA991F250B3E00B5E8C9 /* Info.plist */,
				4CEABA911F250B3E00B5E8C9 /* New_Building.xcdatamodeld */,
			);
			path = "New-Building";
			sourceTree = "<group>";
		};
/* End PBXGroup section */

/* Begin PBXNativeTarget section */
		4CEABA861F250B3E00B5E8C9 /* New-Building */ = {
			isa = PBXNativeTarget;
			buildConfigurationList = 4CEABA9C1F250B3E00B5E8C9 /* Build configuration list for PBXNativeTarget "New-Building" */;
			buildPhases = (
				4CEABA831F250B3E00B5E8C9 /* Sources */,
				4CEABA841F250B3E00B5E8C9 /* Frameworks */,
				4CEABA851F250B3E00B5E8C9 /* Resources */,
			);
			buildRules = (
			);
			dependencies = (
			);
			name = "New-Building";
			productName = "New-Building";
			productReference = 4CEABA871F250B3E00B5E8C9 /* New-Building.app */;
			productType = "com.apple.product-type.application";
		};
/* End PBXNativeTarget section */

/* Begin PBXProject section */
		4CEABA7F1F250B3E00B5E8C9 /* Project object */ = {
			isa = PBXProject;
			attributes = {
				LastSwiftUpdateCheck = 0830;
				LastUpgradeCheck = 0830;
				ORGANIZATIONNAME = "CPI Security Systems";
				TargetAttributes = {
					4CEABA861F250B3E00B5E8C9 = {
						CreatedOnToolsVersion = 8.3.3;
						DevelopmentTeam = AT3759572L;
						ProvisioningStyle = Automatic;
					};
				};
			};
			buildConfigurationList = 4CEABA821F250B3E00B5E8C9 /* Build configuration list for PBXProject "New-Building" */;
			compatibilityVersion = "Xcode 3.2";
			developmentRegion = English;
			hasScannedForEncodings = 0;
			knownRegions = (
				en,
				Base,
			);
			mainGroup = 4CEABA7E1F250B3E00B5E8C9;
			productRefGroup = 4CEABA881F250B3E00B5E8C9 /* Products */;
			projectDirPath = "";
			projectRoot = "";
			targets = (
				4CEABA861F250B3E00B5E8C9 /* New-Building */,
			);
		};
/* End PBXProject section */

/* Begin PBXResourcesBuildPhase section */
		4CEABA851F250B3E00B5E8C9 /* Resources */ = {
			isa = PBXResourcesBuildPhase;
			buildActionMask = 2147483647;
			files = (
				4CEABA981F250B3E00B5E8C9 /* LaunchScreen.storyboard in Resources */,
				4CEABA951F250B3E00B5E8C9 /* Assets.xcassets in Resources */,
				4CEABA901F250B3E00B5E8C9 /* Main.storyboard in Resources */,
			);
			runOnlyForDeploymentPostprocessing = 0;
		};
/* End PBXResourcesBuildPhase section */

/* Begin PBXSourcesBuildPhase section */
		4CEABA831F250B3E00B5E8C9 /* Sources */ = {
			isa = PBXSourcesBuildPhase;
			buildActionMask = 2147483647;
			files = (
				4CEABA8D1F250B3E00B5E8C9 /* ViewController.swift in Sources */,
				4CEABA931F250B3E00B5E8C9 /* New_Building.xcdatamodeld in Sources */,
				4CEABA8B1F250B3E00B5E8C9 /* AppDelegate.swift in Sources */,
			);
			runOnlyForDeploymentPostprocessing = 0;
		};
/* End PBXSourcesBuildPhase section */

/* Begin PBXVariantGroup section */
		4CEABA8E1F250B3E00B5E8C9 /* Main.storyboard */ = {
			isa = PBXVariantGroup;
			children = (
				4CEABA8F1F250B3E00B5E8C9 /* Base */,
			);
			name = Main.storyboard;
			sourceTree = "<group>";
		};
		4CEABA961F250B3E00B5E8C9 /* LaunchScreen.storyboard */ = {
			isa = PBXVariantGroup;
			children = (
				4CEABA971F250B3E00B5E8C9 /* Base */,
			);
			name = LaunchScreen.storyboard;
			sourceTree = "<group>";
		};
/* End PBXVariantGroup section */

/* Begin XCBuildConfiguration section */
		4CEABA9A1F250B3E00B5E8C9 /* Debug */ = {
			isa = XCBuildConfiguration;
			buildSettings = {
				ALWAYS_SEARCH_USER_PATHS = NO;
				CLANG_ANALYZER_NONNULL = YES;
				CLANG_ANALYZER_NUMBER_OBJECT_CONVERSION = YES_AGGRESSIVE;
				CLANG_CXX_LANGUAGE_STANDARD = "gnu++0x";
				CLANG_CXX_LIBRARY = "libc++";
				CLANG_ENABLE_MODULES = YES;
				CLANG_ENABLE_OBJC_ARC = YES;
				CLANG_WARN_BOOL_CONVERSION = YES;
				CLANG_WARN_CONSTANT_CONVERSION = YES;
				CLANG_WARN_DIRECT_OBJC_ISA_USAGE = YES_ERROR;
				CLANG_WARN_DOCUMENTATION_COMMENTS = YES;
				CLANG_WARN_EMPTY_BODY = YES;
				CLANG_WARN_ENUM_CONVERSION = YES;
				CLANG_WARN_INFINITE_RECURSION = YES;
				CLANG_WARN_INT_CONVERSION = YES;
				CLANG_WARN_OBJC_ROOT_CLASS = YES_ERROR;
				CLANG_WARN_SUSPICIOUS_MOVE = YES;
				CLANG_WARN_UNREACHABLE_CODE = YES;
				CLANG_WARN__DUPLICATE_METHOD_MATCH = YES;
				"CODE_SIGN_IDENTITY[sdk=iphoneos*]" = "iPhone Developer";
				COPY_PHASE_STRIP = NO;
				DEBUG_INFORMATION_FORMAT = dwarf;
				ENABLE_STRICT_OBJC_MSGSEND = YES;
				ENABLE_TESTABILITY = YES;
				GCC_C_LANGUAGE_STANDARD = gnu99;
				GCC_DYNAMIC_NO_PIC = NO;
				GCC_NO_COMMON_BLOCKS = YES;
				GCC_OPTIMIZATION_LEVEL = 0;
				GCC_PREPROCESSOR_DEFINITIONS = (
					"DEBUG=1",
					"$(inherited)",
				);
				GCC_WARN_64_TO_32_BIT_CONVERSION = YES;
				GCC_WARN_ABOUT_RETURN_TYPE = YES_ERROR;
				GCC_WARN_UNDECLARED_SELECTOR = YES;
				GCC_WARN_UNINITIALIZED_AUTOS = YES_AGGRESSIVE;
				GCC_WARN_UNUSED_FUNCTION = YES;
				GCC_WARN_UNUSED_VARIABLE = YES;
				IPHONEOS_DEPLOYMENT_TARGET = 10.3;
				MTL_ENABLE_DEBUG_INFO = YES;
				ONLY_ACTIVE_ARCH = YES;
				SDKROOT = iphoneos;
				SWIFT_ACTIVE_COMPILATION_CONDITIONS = DEBUG;
				SWIFT_OPTIMIZATION_LEVEL = "-Onone";
				TARGETED_DEVICE_FAMILY = "1,2";
			};
			name = Debug;
		};
		4CEABA9B1F250B3E00B5E8C9 /* Release */ = {
			isa = XCBuildConfiguration;
			buildSettings = {
				ALWAYS_SEARCH_USER_PATHS = NO;
				CLANG_ANALYZER_NONNULL = YES;
				CLANG_ANALYZER_NUMBER_OBJECT_CONVERSION = YES_AGGRESSIVE;
				CLANG_CXX_LANGUAGE_STANDARD = "gnu++0x";
				CLANG_CXX_LIBRARY = "libc++";
				CLANG_ENABLE_MODULES = YES;
				CLANG_ENABLE_OBJC_ARC = YES;
				CLANG_WARN_BOOL_CONVERSION = YES;
				CLANG_WARN_CONSTANT_CONVERSION = YES;
				CLANG_WARN_DIRECT_OBJC_ISA_USAGE = YES_ERROR;
				CLANG_WARN_DOCUMENTATION_COMMENTS = YES;
				CLANG_WARN_EMPTY_BODY = YES;
				CLANG_WARN_ENUM_CONVERSION = YES;
				CLANG_WARN_INFINITE_RECURSION = YES;
				CLANG_WARN_INT_CONVERSION = YES;
				CLANG_WARN_OBJC_ROOT_CLASS = YES_ERROR;
				CLANG_WARN_SUSPICIOUS_MOVE = YES;
				CLANG_WARN_UNREACHABLE_CODE = YES;
				CLANG_WARN__DUPLICATE_METHOD_MATCH = YES;
				"CODE_SIGN_IDENTITY[sdk=iphoneos*]" = "iPhone Developer";
				COPY_PHASE_STRIP = NO;
				DEBUG_INFORMATION_FORMAT = "dwarf-with-dsym";
				ENABLE_NS_ASSERTIONS = NO;
				ENABLE_STRICT_OBJC_MSGSEND = YES;
				GCC_C_LANGUAGE_STANDARD = gnu99;
				GCC_NO_COMMON_BLOCKS = YES;
				GCC_WARN_64_TO_32_BIT_CONVERSION = YES;
				GCC_WARN_ABOUT_RETURN_TYPE = YES_ERROR;
				GCC_WARN_UNDECLARED_SELECTOR = YES;
				GCC_WARN_UNINITIALIZED_AUTOS = YES_AGGRESSIVE;
				GCC_WARN_UNUSED_FUNCTION = YES;
				GCC_WARN_UNUSED_VARIABLE = YES;
				IPHONEOS_DEPLOYMENT_TARGET = 10.3;
				MTL_ENABLE_DEBUG_INFO = NO;
				SDKROOT = iphoneos;
				SWIFT_OPTIMIZATION_LEVEL = "-Owholemodule";
				TARGETED_DEVICE_FAMILY = "1,2";
				VALIDATE_PRODUCT = YES;
			};
			name = Release;
		};
		4CEABA9D1F250B3E00B5E8C9 /* Debug */ = {
			isa = XCBuildConfiguration;
			buildSettings = {
				ASSETCATALOG_COMPILER_APPICON_NAME = AppIcon;
				DEVELOPMENT_TEAM = AT3759572L;
				INFOPLIST_FILE = "New-Building/Info.plist";
				LD_RUNPATH_SEARCH_PATHS = "$(inherited) @executable_path/Frameworks";
				PRODUCT_BUNDLE_IDENTIFIER = "com.cpisecurity.New-Building";
				PRODUCT_NAME = "$(TARGET_NAME)";
				SWIFT_VERSION = 3.0;
			};
			name = Debug;
		};
		4CEABA9E1F250B3E00B5E8C9 /* Release */ = {
			isa = XCBuildConfiguration;
			buildSettings = {
				ASSETCATALOG_COMPILER_APPICON_NAME = AppIcon;
				DEVELOPMENT_TEAM = AT3759572L;
				INFOPLIST_FILE = "New-Building/Info.plist";
				LD_RUNPATH_SEARCH_PATHS = "$(inherited) @executable_path/Frameworks";
				PRODUCT_BUNDLE_IDENTIFIER = "com.cpisecurity.New-Building";
				PRODUCT_NAME = "$(TARGET_NAME)";
				SWIFT_VERSION = 3.0;
			};
			name = Release;
		};
/* End XCBuildConfiguration section */

/* Begin XCConfigurationList section */
		4CEABA821F250B3E00B5E8C9 /* Build configuration list for PBXProject "New-Building" */ = {
			isa = XCConfigurationList;
			buildConfigurations = (
				4CEABA9A1F250B3E00B5E8C9 /* Debug */,
				4CEABA9B1F250B3E00B5E8C9 /* Release */,
			);
			defaultConfigurationIsVisible = 0;
			defaultConfigurationName = Release;
		};
		4CEABA9C1F250B3E00B5E8C9 /* Build configuration list for PBXNativeTarget "New-Building" */ = {
			isa = XCConfigurationList;
			buildConfigurations = (
				4CEABA9D1F250B3E00B5E8C9 /* Debug */,
				4CEABA9E1F250B3E00B5E8C9 /* Release */,
			);
			defaultConfigurationIsVisible = 0;
		};
/* End XCConfigurationList section */

/* Begin XCVersionGroup section */
		4CEABA911F250B3E00B5E8C9 /* New_Building.xcdatamodeld */ = {
			isa = XCVersionGroup;
			children = (
				4CEABA921F250B3E00B5E8C9 /* New_Building.xcdatamodel */,
			);
			currentVersion = 4CEABA921F250B3E00B5E8C9 /* New_Building.xcdatamodel */;
			path = New_Building.xcdatamodeld;
			sourceTree = "<group>";
			versionGroupType = wrapper.xcdatamodel;
		};
/* End XCVersionGroup section */
	};
	rootObject = 4CEABA7F1F250B3E00B5E8C9 /* Project object */;
}
